
Microsoft Visual Studio Solution File, Format Version 12.00
# Visual Studio Version 17
VisualStudioVersion = 17.3.32825.248
MinimumVisualStudioVersion = 10.0.40219.1
Project("{11A8DD76-328B-46DF-9F39-F559912D0360}") = "Blinky", "Blinky\Blinky.nfproj", "{29BACBB9-C5B6-4BEF-AEEF-9AFE39B678D9}"
EndProject
Project("{11A8DD76-328B-46DF-9F39-F559912D0360}") = "RAK2305RAK3172EVBSerial", "RAK2305RAK3172EVBSerial\RAK2305RAK3172EVBSerial.nfproj", "{285262DD-D57E-4116-BA18-AF17EDE87D51}"
EndProject
Project("{11A8DD76-328B-46DF-9F39-F559912D0360}") = "RAK2305RAK4200EVBSerial", "RAK2305RAK4200EVBSerial\RAK2305RAK4200EVBSerial.nfproj", "{C6D1A206-4A05-4981-8BF0-E3ED77CA3717}"
EndProject
Project("{11A8DD76-328B-46DF-9F39-F559912D0360}") = "RAK2305RAK4631Serial", "RAK3631RAK2305Serial\RAK2305RAK4631Serial.nfproj", "{C2C0B1F6-B826-4FE0-8C70-1A9A89A20084}"
EndProject
Project("{11A8DD76-328B-46DF-9F39-F559912D0360}") = "RAK1901", "RAK1901\RAK1901.nfproj", "{537067AE-07B7-4F3A-A916-1AF61A5AA838}"
EndProject
Project("{11A8DD76-328B-46DF-9F39-F559912D0360}") = "RAK1920SHT31", "RAK1920SHT31\RAK1920SHT31.nfproj", "{732C9901-8830-4B3E-9849-043D5AEF9D7B}"
EndProject
Project("{11A8DD76-328B-46DF-9F39-F559912D0360}") = "RAK1910", "RAK1910\RAK1910.nfproj", "{3AEA072F-2502-4CBF-B8A0-B40627FC2777}"
EndProject
Project("{11A8DD76-328B-46DF-9F39-F559912D0360}") = "RAK1906", "RAK1906\RAK1906.nfproj", "{AA796365-96AA-405A-9136-CCEE9505E5E7}"
EndProject
Project("{11A8DD76-328B-46DF-9F39-F559912D0360}") = "AzureIoHubRAK1901HttpSasToken", "AzureIoHubRAK1901HttpSasToken\AzureIoHubRAK1901HttpSasToken.nfproj", "{CA73FC40-7325-4210-800C-C3C578A8E7A1}"
EndProject
Project("{11A8DD76-328B-46DF-9F39-F559912D0360}") = "AzureIoHubRAK1901HttpSasKey", "AzureIoHubRAK1901HttpSasKey\AzureIoHubRAK1901HttpSasKey.nfproj", "{FB2079FF-F5F3-4FFA-B874-5BDB1A41E7E4}"
EndProject
Project("{11A8DD76-328B-46DF-9F39-F559912D0360}") = "RAK11200BatteryCharge", "RAK11200BatteryCharge\RAK11200BatteryCharge.nfproj", "{C9EB6D89-11B8-4664-9FE5-9E1980D03C5A}"
EndProject
Project("{11A8DD76-328B-46DF-9F39-F559912D0360}") = "AzureIoTHubRAK11200PowerBaseline", "AzureIoTHubRAK11200PowerBaseline\AzureIoTHubRAK11200PowerBaseline.nfproj", "{BD33B036-2759-4B02-8B4A-02DFACA2D00C}"
EndProject
Project("{11A8DD76-328B-46DF-9F39-F559912D0360}") = "AzureIoTHubRAK11200PowerSleep", "AzureIoTHubRAK11200PowerSleep\AzureIoTHubRAK11200PowerSleep.nfproj", "{DE9CA683-B9AB-400B-994A-07DE77F7A1BC}"
EndProject
Project("{11A8DD76-328B-46DF-9F39-F559912D0360}") = "RAK1905", "RAK1905\RAK1905.nfproj", "{908EB58F-C66B-4651-9B88-50FD73839967}"
EndProject
Global
	GlobalSection(SolutionConfigurationPlatforms) = preSolution
		Debug|Any CPU = Debug|Any CPU
		Release|Any CPU = Release|Any CPU
	EndGlobalSection
	GlobalSection(ProjectConfigurationPlatforms) = postSolution
		{29BACBB9-C5B6-4BEF-AEEF-9AFE39B678D9}.Debug|Any CPU.ActiveCfg = Debug|Any CPU
		{29BACBB9-C5B6-4BEF-AEEF-9AFE39B678D9}.Debug|Any CPU.Build.0 = Debug|Any CPU
		{29BACBB9-C5B6-4BEF-AEEF-9AFE39B678D9}.Debug|Any CPU.Deploy.0 = Debug|Any CPU
		{29BACBB9-C5B6-4BEF-AEEF-9AFE39B678D9}.Release|Any CPU.ActiveCfg = Release|Any CPU
		{29BACBB9-C5B6-4BEF-AEEF-9AFE39B678D9}.Release|Any CPU.Build.0 = Release|Any CPU
		{29BACBB9-C5B6-4BEF-AEEF-9AFE39B678D9}.Release|Any CPU.Deploy.0 = Release|Any CPU
		{285262DD-D57E-4116-BA18-AF17EDE87D51}.Debug|Any CPU.ActiveCfg = Debug|Any CPU
		{285262DD-D57E-4116-BA18-AF17EDE87D51}.Debug|Any CPU.Build.0 = Debug|Any CPU
		{285262DD-D57E-4116-BA18-AF17EDE87D51}.Debug|Any CPU.Deploy.0 = Debug|Any CPU
		{285262DD-D57E-4116-BA18-AF17EDE87D51}.Release|Any CPU.ActiveCfg = Release|Any CPU
		{285262DD-D57E-4116-BA18-AF17EDE87D51}.Release|Any CPU.Build.0 = Release|Any CPU
		{285262DD-D57E-4116-BA18-AF17EDE87D51}.Release|Any CPU.Deploy.0 = Release|Any CPU
		{C6D1A206-4A05-4981-8BF0-E3ED77CA3717}.Debug|Any CPU.ActiveCfg = Debug|Any CPU
		{C6D1A206-4A05-4981-8BF0-E3ED77CA3717}.Debug|Any CPU.Build.0 = Debug|Any CPU
		{C6D1A206-4A05-4981-8BF0-E3ED77CA3717}.Debug|Any CPU.Deploy.0 = Debug|Any CPU
		{C6D1A206-4A05-4981-8BF0-E3ED77CA3717}.Release|Any CPU.ActiveCfg = Release|Any CPU
		{C6D1A206-4A05-4981-8BF0-E3ED77CA3717}.Release|Any CPU.Build.0 = Release|Any CPU
		{C6D1A206-4A05-4981-8BF0-E3ED77CA3717}.Release|Any CPU.Deploy.0 = Release|Any CPU
		{C2C0B1F6-B826-4FE0-8C70-1A9A89A20084}.Debug|Any CPU.ActiveCfg = Debug|Any CPU
		{C2C0B1F6-B826-4FE0-8C70-1A9A89A20084}.Debug|Any CPU.Build.0 = Debug|Any CPU
		{C2C0B1F6-B826-4FE0-8C70-1A9A89A20084}.Debug|Any CPU.Deploy.0 = Debug|Any CPU
		{C2C0B1F6-B826-4FE0-8C70-1A9A89A20084}.Release|Any CPU.ActiveCfg = Release|Any CPU
		{C2C0B1F6-B826-4FE0-8C70-1A9A89A20084}.Release|Any CPU.Build.0 = Release|Any CPU
		{C2C0B1F6-B826-4FE0-8C70-1A9A89A20084}.Release|Any CPU.Deploy.0 = Release|Any CPU
		{537067AE-07B7-4F3A-A916-1AF61A5AA838}.Debug|Any CPU.ActiveCfg = Debug|Any CPU
		{537067AE-07B7-4F3A-A916-1AF61A5AA838}.Debug|Any CPU.Build.0 = Debug|Any CPU
		{537067AE-07B7-4F3A-A916-1AF61A5AA838}.Debug|Any CPU.Deploy.0 = Debug|Any CPU
		{537067AE-07B7-4F3A-A916-1AF61A5AA838}.Release|Any CPU.ActiveCfg = Release|Any CPU
		{537067AE-07B7-4F3A-A916-1AF61A5AA838}.Release|Any CPU.Build.0 = Release|Any CPU
		{537067AE-07B7-4F3A-A916-1AF61A5AA838}.Release|Any CPU.Deploy.0 = Release|Any CPU
		{732C9901-8830-4B3E-9849-043D5AEF9D7B}.Debug|Any CPU.ActiveCfg = Debug|Any CPU
		{732C9901-8830-4B3E-9849-043D5AEF9D7B}.Debug|Any CPU.Build.0 = Debug|Any CPU
		{732C9901-8830-4B3E-9849-043D5AEF9D7B}.Debug|Any CPU.Deploy.0 = Debug|Any CPU
		{732C9901-8830-4B3E-9849-043D5AEF9D7B}.Release|Any CPU.ActiveCfg = Release|Any CPU
		{732C9901-8830-4B3E-9849-043D5AEF9D7B}.Release|Any CPU.Build.0 = Release|Any CPU
		{732C9901-8830-4B3E-9849-043D5AEF9D7B}.Release|Any CPU.Deploy.0 = Release|Any CPU
		{3AEA072F-2502-4CBF-B8A0-B40627FC2777}.Debug|Any CPU.ActiveCfg = Debug|Any CPU
		{3AEA072F-2502-4CBF-B8A0-B40627FC2777}.Debug|Any CPU.Build.0 = Debug|Any CPU
		{3AEA072F-2502-4CBF-B8A0-B40627FC2777}.Debug|Any CPU.Deploy.0 = Debug|Any CPU
		{3AEA072F-2502-4CBF-B8A0-B40627FC2777}.Release|Any CPU.ActiveCfg = Release|Any CPU
		{3AEA072F-2502-4CBF-B8A0-B40627FC2777}.Release|Any CPU.Build.0 = Release|Any CPU
		{3AEA072F-2502-4CBF-B8A0-B40627FC2777}.Release|Any CPU.Deploy.0 = Release|Any CPU
		{AA796365-96AA-405A-9136-CCEE9505E5E7}.Debug|Any CPU.ActiveCfg = Debug|Any CPU
		{AA796365-96AA-405A-9136-CCEE9505E5E7}.Debug|Any CPU.Build.0 = Debug|Any CPU
		{AA796365-96AA-405A-9136-CCEE9505E5E7}.Debug|Any CPU.Deploy.0 = Debug|Any CPU
		{AA796365-96AA-405A-9136-CCEE9505E5E7}.Release|Any CPU.ActiveCfg = Release|Any CPU
		{AA796365-96AA-405A-9136-CCEE9505E5E7}.Release|Any CPU.Build.0 = Release|Any CPU
		{AA796365-96AA-405A-9136-CCEE9505E5E7}.Release|Any CPU.Deploy.0 = Release|Any CPU
		{CA73FC40-7325-4210-800C-C3C578A8E7A1}.Debug|Any CPU.ActiveCfg = Debug|Any CPU
		{CA73FC40-7325-4210-800C-C3C578A8E7A1}.Debug|Any CPU.Build.0 = Debug|Any CPU
		{CA73FC40-7325-4210-800C-C3C578A8E7A1}.Debug|Any CPU.Deploy.0 = Debug|Any CPU
		{CA73FC40-7325-4210-800C-C3C578A8E7A1}.Release|Any CPU.ActiveCfg = Release|Any CPU
		{CA73FC40-7325-4210-800C-C3C578A8E7A1}.Release|Any CPU.Build.0 = Release|Any CPU
		{CA73FC40-7325-4210-800C-C3C578A8E7A1}.Release|Any CPU.Deploy.0 = Release|Any CPU
		{FB2079FF-F5F3-4FFA-B874-5BDB1A41E7E4}.Debug|Any CPU.ActiveCfg = Debug|Any CPU
		{FB2079FF-F5F3-4FFA-B874-5BDB1A41E7E4}.Debug|Any CPU.Build.0 = Debug|Any CPU
		{FB2079FF-F5F3-4FFA-B874-5BDB1A41E7E4}.Debug|Any CPU.Deploy.0 = Debug|Any CPU
		{FB2079FF-F5F3-4FFA-B874-5BDB1A41E7E4}.Release|Any CPU.ActiveCfg = Release|Any CPU
		{FB2079FF-F5F3-4FFA-B874-5BDB1A41E7E4}.Release|Any CPU.Build.0 = Release|Any CPU
		{FB2079FF-F5F3-4FFA-B874-5BDB1A41E7E4}.Release|Any CPU.Deploy.0 = Release|Any CPU
		{C9EB6D89-11B8-4664-9FE5-9E1980D03C5A}.Debug|Any CPU.ActiveCfg = Debug|Any CPU
		{C9EB6D89-11B8-4664-9FE5-9E1980D03C5A}.Debug|Any CPU.Build.0 = Debug|Any CPU
		{C9EB6D89-11B8-4664-9FE5-9E1980D03C5A}.Debug|Any CPU.Deploy.0 = Debug|Any CPU
		{C9EB6D89-11B8-4664-9FE5-9E1980D03C5A}.Release|Any CPU.ActiveCfg = Release|Any CPU
		{C9EB6D89-11B8-4664-9FE5-9E1980D03C5A}.Release|Any CPU.Build.0 = Release|Any CPU
		{C9EB6D89-11B8-4664-9FE5-9E1980D03C5A}.Release|Any CPU.Deploy.0 = Release|Any CPU
		{BD33B036-2759-4B02-8B4A-02DFACA2D00C}.Debug|Any CPU.ActiveCfg = Debug|Any CPU
		{BD33B036-2759-4B02-8B4A-02DFACA2D00C}.Debug|Any CPU.Build.0 = Debug|Any CPU
		{BD33B036-2759-4B02-8B4A-02DFACA2D00C}.Debug|Any CPU.Deploy.0 = Debug|Any CPU
		{BD33B036-2759-4B02-8B4A-02DFACA2D00C}.Release|Any CPU.ActiveCfg = Release|Any CPU
		{BD33B036-2759-4B02-8B4A-02DFACA2D00C}.Release|Any CPU.Build.0 = Release|Any CPU
		{BD33B036-2759-4B02-8B4A-02DFACA2D00C}.Release|Any CPU.Deploy.0 = Release|Any CPU
		{DE9CA683-B9AB-400B-994A-07DE77F7A1BC}.Debug|Any CPU.ActiveCfg = Debug|Any CPU
		{DE9CA683-B9AB-400B-994A-07DE77F7A1BC}.Debug|Any CPU.Build.0 = Debug|Any CPU
		{DE9CA683-B9AB-400B-994A-07DE77F7A1BC}.Debug|Any CPU.Deploy.0 = Debug|Any CPU
		{DE9CA683-B9AB-400B-994A-07DE77F7A1BC}.Release|Any CPU.ActiveCfg = Release|Any CPU
		{DE9CA683-B9AB-400B-994A-07DE77F7A1BC}.Release|Any CPU.Build.0 = Release|Any CPU
		{DE9CA683-B9AB-400B-994A-07DE77F7A1BC}.Release|Any CPU.Deploy.0 = Release|Any CPU
		{908EB58F-C66B-4651-9B88-50FD73839967}.Debug|Any CPU.ActiveCfg = Debug|Any CPU
		{908EB58F-C66B-4651-9B88-50FD73839967}.Debug|Any CPU.Build.0 = Debug|Any CPU
		{908EB58F-C66B-4651-9B88-50FD73839967}.Debug|Any CPU.Deploy.0 = Debug|Any CPU
		{908EB58F-C66B-4651-9B88-50FD73839967}.Release|Any CPU.ActiveCfg = Release|Any CPU
		{908EB58F-C66B-4651-9B88-50FD73839967}.Release|Any CPU.Build.0 = Release|Any CPU
		{908EB58F-C66B-4651-9B88-50FD73839967}.Release|Any CPU.Deploy.0 = Release|Any CPU
	EndGlobalSection
	GlobalSection(SolutionProperties) = preSolution
		HideSolutionNode = FALSE
	EndGlobalSection
	GlobalSection(ExtensibilityGlobals) = postSolution
		SolutionGuid = {50285942-2798-43C9-B13B-35D9D447A7D2}
	EndGlobalSection
EndGlobal
